# This file is autogenerated, do not edit; changes may be undone by the next 'dep ensure'.


[[projects]]
  branch = "default"
  name = "bitbucket.org/zombiezen/gopdf"
  packages = ["pdf"]
  revision = "1c63dc69751bc45441c2ce1f56b631c55294b4d5"

[[projects]]
  branch = "master"
  name = "github.com/ajstarks/svgo"
  packages = ["."]
  revision = "f9be02f22f2c23fbdd01ed76e5c7f5af79e13f9b"

[[projects]]
  branch = "master"
  name = "github.com/golang/freetype"
  packages = [".","raster","truetype"]
  revision = "e2365dfdc4a05e4b8299a783240d4a7d5a65d4e4"

[[projects]]
  branch = "master"
  name = "github.com/llgcode/draw2d"
  packages = [".","draw2dbase","draw2dimg"]
  revision = "dcbfbe505d35de8166ccfc47ff9e4bb020473e18"

[[projects]]
  branch = "siddontang/client-series"
  name = "github.com/prometheus/client_golang"
  packages = ["api","api/prometheus/v1"]
  revision = "3c0e2b3c2e521e4c318a8aa34fac00df2ad71e97"
  source = "github.com/siddontang/client_golang"

[[projects]]
  branch = "master"
  name = "github.com/prometheus/common"
  packages = ["model"]
  revision = "2e54d0b93cba2fd133edc32211dcc32c06ef72ca"

[[projects]]
  branch = "master"
  name = "golang.org/x/image"
  packages = ["draw","font","math/f64","math/fixed","tiff","tiff/lzw"]
  revision = "f7e31b4ea2e3413ab91b4e7d2dc83e5f8d19a44c"

[[projects]]
  branch = "master"
  name = "gonum.org/v1/gonum"
  packages = ["blas","blas/blas64","blas/gonum","floats","internal/asm/c128","internal/asm/f32","internal/asm/f64","internal/math32","lapack","lapack/gonum","lapack/lapack64","mat"]
  revision = "0777e22537f0d5ce73f48fb487d1e797a9c39532"

[[projects]]
  branch = "master"
  name = "gonum.org/v1/plot"
  packages = [".","palette","palette/brewer","plotter","tools/bezier","vg","vg/draw","vg/fonts","vg/vgeps","vg/vgimg","vg/vgpdf","vg/vgsvg"]
  revision = "444dee9a4b260e551a370aa5f54630f0d5254d06"

[solve-meta]
  analyzer-name = "dep"
  analyzer-version = 1
  inputs-digest = "c5a29587a118aae275c4d353a7f82cb1f83cf29498c4dfd6cead495f59c83357"
  solver-name = "gps-cdcl"
  solver-version = 1
